
Microsoft Visual Studio Solution File, Format Version 12.00
# Visual Studio Version 17
VisualStudioVersion = 17.3.32929.385
MinimumVisualStudioVersion = 10.0.40219.1
Project("{8BC9CEB8-8B4A-11D0-8D11-00A0C91BC942}") = "Bellona2", "Bellona2.vcxproj", "{30FE569E-F8F8-4732-BCE0-EE04ECDB2E61}"
EndProject
Project("{8BC9CEB8-8B4A-11D0-8D11-00A0C91BC942}") = "Multiboot", "..\Multiboot\Multiboot.vcxproj", "{48060EFB-DADD-49A5-A4A9-59EF8611F40C}"
EndProject
Project("{8BC9CEB8-8B4A-11D0-8D11-00A0C91BC942}") = "launcher", "..\launcher\launcher.vcxproj", "{45073DE4-4775-4C80-BD74-01ACAD06507D}"
EndProject
Global
	GlobalSection(SolutionConfigurationPlatforms) = preSolution
		Debug|x64 = Debug|x64
		Debug|x86 = Debug|x86
		Release|x64 = Release|x64
		Release|x86 = Release|x86
	EndGlobalSection
	GlobalSection(ProjectConfigurationPlatforms) = postSolution
		{30FE569E-F8F8-4732-BCE0-EE04ECDB2E61}.Debug|x64.ActiveCfg = Debug|Win32
		{30FE569E-F8F8-4732-BCE0-EE04ECDB2E61}.Debug|x64.Build.0 = Debug|Win32
		{30FE569E-F8F8-4732-BCE0-EE04ECDB2E61}.Debug|x86.ActiveCfg = Debug|Win32
		{30FE569E-F8F8-4732-BCE0-EE04ECDB2E61}.Debug|x86.Build.0 = Debug|Win32
		{30FE569E-F8F8-4732-BCE0-EE04ECDB2E61}.Release|x64.ActiveCfg = Release|Win32
		{30FE569E-F8F8-4732-BCE0-EE04ECDB2E61}.Release|x64.Build.0 = Release|Win32
		{30FE569E-F8F8-4732-BCE0-EE04ECDB2E61}.Release|x86.ActiveCfg = Release|Win32
		{30FE569E-F8F8-4732-BCE0-EE04ECDB2E61}.Release|x86.Build.0 = Release|Win32
		{48060EFB-DADD-49A5-A4A9-59EF8611F40C}.Debug|x64.ActiveCfg = Debug|x64
		{48060EFB-DADD-49A5-A4A9-59EF8611F40C}.Debug|x64.Build.0 = Debug|x64
		{48060EFB-DADD-49A5-A4A9-59EF8611F40C}.Debug|x86.ActiveCfg = Debug|Win32
		{48060EFB-DADD-49A5-A4A9-59EF8611F40C}.Debug|x86.Build.0 = Debug|Win32
		{48060EFB-DADD-49A5-A4A9-59EF8611F40C}.Release|x64.ActiveCfg = Release|x64
		{48060EFB-DADD-49A5-A4A9-59EF8611F40C}.Release|x64.Build.0 = Release|x64
		{48060EFB-DADD-49A5-A4A9-59EF8611F40C}.Release|x86.ActiveCfg = Release|Win32
		{48060EFB-DADD-49A5-A4A9-59EF8611F40C}.Release|x86.Build.0 = Release|Win32
		{45073DE4-4775-4C80-BD74-01ACAD06507D}.Debug|x64.ActiveCfg = Debug|Win32
		{45073DE4-4775-4C80-BD74-01ACAD06507D}.Debug|x64.Build.0 = Debug|Win32
		{45073DE4-4775-4C80-BD74-01ACAD06507D}.Debug|x86.ActiveCfg = Debug|Win32
		{45073DE4-4775-4C80-BD74-01ACAD06507D}.Debug|x86.Build.0 = Debug|Win32
		{45073DE4-4775-4C80-BD74-01ACAD06507D}.Release|x64.ActiveCfg = Release|Win32
		{45073DE4-4775-4C80-BD74-01ACAD06507D}.Release|x64.Build.0 = Release|Win32
		{45073DE4-4775-4C80-BD74-01ACAD06507D}.Release|x86.ActiveCfg = Release|Win32
		{45073DE4-4775-4C80-BD74-01ACAD06507D}.Release|x86.Build.0 = Release|Win32
	EndGlobalSection
	GlobalSection(SolutionProperties) = preSolution
		HideSolutionNode = FALSE
	EndGlobalSection
	GlobalSection(ExtensibilityGlobals) = postSolution
		SolutionGuid = {179351C3-C925-48A7-80FB-06F3CDE71A1F}
	EndGlobalSection
EndGlobal
