
Microsoft Visual Studio Solution File, Format Version 12.00
# Visual Studio Version 16
VisualStudioVersion = 16.0.32901.82
MinimumVisualStudioVersion = 10.0.40219.1
Project("{8BC9CEB8-8B4A-11D0-8D11-00A0C91BC942}") = "wall", "wall.vcxproj", "{85CE6E08-B2D3-43C8-A99D-14048B27525B}"
EndProject
Global
	GlobalSection(SolutionConfigurationPlatforms) = preSolution
		Debug|x86 = Debug|x86
		Release|x86 = Release|x86
	EndGlobalSection
	GlobalSection(ProjectConfigurationPlatforms) = postSolution
		{85CE6E08-B2D3-43C8-A99D-14048B27525B}.Debug|x86.ActiveCfg = Debug|Win32
		{85CE6E08-B2D3-43C8-A99D-14048B27525B}.Debug|x86.Build.0 = Debug|Win32
		{85CE6E08-B2D3-43C8-A99D-14048B27525B}.Release|x86.ActiveCfg = Release|Win32
		{85CE6E08-B2D3-43C8-A99D-14048B27525B}.Release|x86.Build.0 = Release|Win32
	EndGlobalSection
	GlobalSection(SolutionProperties) = preSolution
		HideSolutionNode = FALSE
	EndGlobalSection
	GlobalSection(ExtensibilityGlobals) = postSolution
		SolutionGuid = {D66814E6-034C-437C-BC7E-B434759954C1}
	EndGlobalSection
EndGlobal
