<?xml version="1.0" encoding="utf-8"?>
<Project ToolsVersion="4.0" xmlns="http://schemas.microsoft.com/developer/msbuild/2003">
  <ItemGroup>
    <Filter Include="Source Files">
      <UniqueIdentifier>{a789251b-6640-4a4a-93f3-1607a0b13a57}</UniqueIdentifier>
      <Extensions>cpp;c;cxx;rc;def;r;odl;idl;hpj;bat</Extensions>
    </Filter>
    <Filter Include="Header Files">
      <UniqueIdentifier>{09d75ffc-19cc-463a-a392-4c3207ba6f5b}</UniqueIdentifier>
      <Extensions>h;hpp;hxx;hm;inl</Extensions>
    </Filter>
    <Filter Include="Resource Files">
      <UniqueIdentifier>{42b47cb2-175d-4d08-bc95-c818936454e9}</UniqueIdentifier>
      <Extensions>ico;cur;bmp;dlg;rc2;rct;bin;rgs;gif;jpg;jpeg;jpe</Extensions>
    </Filter>
  </ItemGroup>
  <ItemGroup>
    <ClCompile Include="ush.c">
      <Filter>Source Files</Filter>
    </ClCompile>
    <ClCompile Include="ush_b2.c">
      <Filter>Source Files</Filter>
    </ClCompile>
    <ClCompile Include="ush_cmd.c">
      <Filter>Source Files</Filter>
    </ClCompile>
    <ClCompile Include="ush_main.c">
      <Filter>Source Files</Filter>
    </ClCompile>
  </ItemGroup>
  <ItemGroup>
    <ClInclude Include="..\..\h\common\uarea.h">
      <Filter>Header Files</Filter>
    </ClInclude>
  </ItemGroup>
  <ItemGroup>
    <Library Include="..\..\lib\startup.lib" />
    <Library Include="..\..\lib\stdlib.lib" />
  </ItemGroup>
</Project>